
Microsoft Visual Studio Solution File, Format Version 12.00
# Visual Studio 15
VisualStudioVersion = 15.0.28307.572
MinimumVisualStudioVersion = 10.0.40219.1
Project("{FAE04EC0-301F-11D3-BF4B-00C04F79EFBC}") = "AspBlog", "AspBlog\AspBlog.csproj", "{CA5C9EAB-57A8-481D-89E5-61F103CC83F9}"
EndProject
Global
	GlobalSection(SolutionConfigurationPlatforms) = preSolution
		Debug|Any CPU = Debug|Any CPU
		Release|Any CPU = Release|Any CPU
	EndGlobalSection
	GlobalSection(ProjectConfigurationPlatforms) = postSolution
		{CA5C9EAB-57A8-481D-89E5-61F103CC83F9}.Debug|Any CPU.ActiveCfg = Debug|Any CPU
		{CA5C9EAB-57A8-481D-89E5-61F103CC83F9}.Debug|Any CPU.Build.0 = Debug|Any CPU
		{CA5C9EAB-57A8-481D-89E5-61F103CC83F9}.Release|Any CPU.ActiveCfg = Release|Any CPU
		{CA5C9EAB-57A8-481D-89E5-61F103CC83F9}.Release|Any CPU.Build.0 = Release|Any CPU
	EndGlobalSection
	GlobalSection(SolutionProperties) = preSolution
		HideSolutionNode = FALSE
	EndGlobalSection
	GlobalSection(ExtensibilityGlobals) = postSolution
		SolutionGuid = {CCA7A2D3-56CC-401E-BF9F-7FCF52D4D642}
	EndGlobalSection
EndGlobal
